
Microsoft Visual Studio Solution File, Format Version 12.00
# Visual Studio Version 17
VisualStudioVersion = 17.1.32414.318
MinimumVisualStudioVersion = 10.0.40219.1
Project("{8BC9CEB8-8B4A-11D0-8D11-00A0C91BC942}") = "HelloWorld", "HelloWorld\HelloWorld.vcxproj", "{E0C789F4-8711-4E8F-8E99-7ABFB5FED37A}"
EndProject
Global
	GlobalSection(SolutionConfigurationPlatforms) = preSolution
		Debug|x64 = Debug|x64
		Debug|x86 = Debug|x86
		Release|x64 = Release|x64
		Release|x86 = Release|x86
	EndGlobalSection
	GlobalSection(ProjectConfigurationPlatforms) = postSolution
		{E0C789F4-8711-4E8F-8E99-7ABFB5FED37A}.Debug|x64.ActiveCfg = Debug|x64
		{E0C789F4-8711-4E8F-8E99-7ABFB5FED37A}.Debug|x64.Build.0 = Debug|x64
		{E0C789F4-8711-4E8F-8E99-7ABFB5FED37A}.Debug|x86.ActiveCfg = Debug|Win32
		{E0C789F4-8711-4E8F-8E99-7ABFB5FED37A}.Debug|x86.Build.0 = Debug|Win32
		{E0C789F4-8711-4E8F-8E99-7ABFB5FED37A}.Release|x64.ActiveCfg = Release|x64
		{E0C789F4-8711-4E8F-8E99-7ABFB5FED37A}.Release|x64.Build.0 = Release|x64
		{E0C789F4-8711-4E8F-8E99-7ABFB5FED37A}.Release|x86.ActiveCfg = Release|Win32
		{E0C789F4-8711-4E8F-8E99-7ABFB5FED37A}.Release|x86.Build.0 = Release|Win32
	EndGlobalSection
	GlobalSection(SolutionProperties) = preSolution
		HideSolutionNode = FALSE
	EndGlobalSection
	GlobalSection(ExtensibilityGlobals) = postSolution
		SolutionGuid = {2E0C8ED1-2222-4707-A51C-36FC17B6716C}
	EndGlobalSection
EndGlobal
